
Microsoft Visual Studio Solution File, Format Version 12.00
# Visual Studio Version 17
VisualStudioVersion = 17.14.37012.4
MinimumVisualStudioVersion = 10.0.40219.1
Project("{2150E333-8FDC-42A3-9474-1A3956D46DE8}") = "src", "src", "{02EA681E-C7D8-13C7-8484-4AC65E1B71E8}"
EndProject
Project("{2150E333-8FDC-42A3-9474-1A3956D46DE8}") = "services", "services", "{2B7B8119-2F24-4F65-995F-A0C6450ADB00}"
EndProject
Project("{2150E333-8FDC-42A3-9474-1A3956D46DE8}") = "catalog", "catalog", "{13874A85-614A-49DF-BE06-03F371B3E41C}"
EndProject
Project("{FAE04EC0-301F-11D3-BF4B-00C04F79EFBC}") = "UdemyNewMicroservice.Catalog.Api", "UdemyNewMicroservice.Catalog.Api\UdemyNewMicroservice.Catalog.Api.csproj", "{DC6F83C1-022A-446D-BE89-88A6135DBE5F}"
EndProject
Project("{E53339B2-1760-4266-BCC7-CA923CBCF16C}") = "docker-compose", "docker-compose.dcproj", "{81DDED9D-158B-E303-5F62-77A2896D2A5A}"
EndProject
Project("{2150E333-8FDC-42A3-9474-1A3956D46DE8}") = "Shared", "Shared", "{C489A1FB-356C-49CD-A6E7-C9283A816864}"
EndProject
Project("{FAE04EC0-301F-11D3-BF4B-00C04F79EFBC}") = "UdemyNewMicroservice.Shared", "..\UdemyNewMicroservice.Shared\UdemyNewMicroservice.Shared.csproj", "{4496E627-4895-4BF7-8D1C-2BD03ED8D579}"
EndProject
Project("{2150E333-8FDC-42A3-9474-1A3956D46DE8}") = "Solution Items", "Solution Items", "{8EC462FD-D22E-90A8-E5CE-7E832BA40C5D}"
	ProjectSection(SolutionItems) = preProject
		.gitignore = .gitignore
	EndProjectSection
EndProject
Global
	GlobalSection(SolutionConfigurationPlatforms) = preSolution
		Debug|Any CPU = Debug|Any CPU
		Release|Any CPU = Release|Any CPU
	EndGlobalSection
	GlobalSection(ProjectConfigurationPlatforms) = postSolution
		{DC6F83C1-022A-446D-BE89-88A6135DBE5F}.Debug|Any CPU.ActiveCfg = Debug|Any CPU
		{DC6F83C1-022A-446D-BE89-88A6135DBE5F}.Debug|Any CPU.Build.0 = Debug|Any CPU
		{DC6F83C1-022A-446D-BE89-88A6135DBE5F}.Release|Any CPU.ActiveCfg = Release|Any CPU
		{DC6F83C1-022A-446D-BE89-88A6135DBE5F}.Release|Any CPU.Build.0 = Release|Any CPU
		{81DDED9D-158B-E303-5F62-77A2896D2A5A}.Debug|Any CPU.ActiveCfg = Debug|Any CPU
		{81DDED9D-158B-E303-5F62-77A2896D2A5A}.Debug|Any CPU.Build.0 = Debug|Any CPU
		{81DDED9D-158B-E303-5F62-77A2896D2A5A}.Release|Any CPU.ActiveCfg = Release|Any CPU
		{81DDED9D-158B-E303-5F62-77A2896D2A5A}.Release|Any CPU.Build.0 = Release|Any CPU
		{4496E627-4895-4BF7-8D1C-2BD03ED8D579}.Debug|Any CPU.ActiveCfg = Debug|Any CPU
		{4496E627-4895-4BF7-8D1C-2BD03ED8D579}.Debug|Any CPU.Build.0 = Debug|Any CPU
		{4496E627-4895-4BF7-8D1C-2BD03ED8D579}.Release|Any CPU.ActiveCfg = Release|Any CPU
		{4496E627-4895-4BF7-8D1C-2BD03ED8D579}.Release|Any CPU.Build.0 = Release|Any CPU
	EndGlobalSection
	GlobalSection(SolutionProperties) = preSolution
		HideSolutionNode = FALSE
	EndGlobalSection
	GlobalSection(NestedProjects) = preSolution
		{2B7B8119-2F24-4F65-995F-A0C6450ADB00} = {02EA681E-C7D8-13C7-8484-4AC65E1B71E8}
		{13874A85-614A-49DF-BE06-03F371B3E41C} = {2B7B8119-2F24-4F65-995F-A0C6450ADB00}
		{DC6F83C1-022A-446D-BE89-88A6135DBE5F} = {13874A85-614A-49DF-BE06-03F371B3E41C}
		{C489A1FB-356C-49CD-A6E7-C9283A816864} = {02EA681E-C7D8-13C7-8484-4AC65E1B71E8}
		{4496E627-4895-4BF7-8D1C-2BD03ED8D579} = {C489A1FB-356C-49CD-A6E7-C9283A816864}
	EndGlobalSection
	GlobalSection(ExtensibilityGlobals) = postSolution
		SolutionGuid = {70099D50-A57E-4485-97F9-0AC1987D1B3E}
	EndGlobalSection
EndGlobal
